// !$*UTF8*$!
{
	archiveVersion = 1;
	classes = {
	};
	objectVersion = 46;
	objects = {

/* Begin PBXBuildFile section */
		1539113B1CBF7A930033C7CE /* main.m in Sources */ = {isa = PBXBuildFile; fileRef = 1539113A1CBF7A930033C7CE /* main.m */; };
		1539113E1CBF7A930033C7CE /* AppDelegate.m in Sources */ = {isa = PBXBuildFile; fileRef = 1539113D1CBF7A930033C7CE /* AppDelegate.m */; };
		153911441CBF7A930033C7CE /* Main.storyboard in Resources */ = {isa = PBXBuildFile; fileRef = 153911421CBF7A930033C7CE /* Main.storyboard */; };
		153911461CBF7A930033C7CE /* Assets.xcassets in Resources */ = {isa = PBXBuildFile; fileRef = 153911451CBF7A930033C7CE /* Assets.xcassets */; };
		153911491CBF7A930033C7CE /* LaunchScreen.storyboard in Resources */ = {isa = PBXBuildFile; fileRef = 153911471CBF7A930033C7CE /* LaunchScreen.storyboard */; };
		153911541CBF7A930033C7CE /* __demoTests.m in Sources */ = {isa = PBXBuildFile; fileRef = 153911531CBF7A930033C7CE /* __demoTests.m */; };
		1539115F1CBF7A930033C7CE /* __demoUITests.m in Sources */ = {isa = PBXBuildFile; fileRef = 1539115E1CBF7A930033C7CE /* __demoUITests.m */; };
		154DAEE41CBFAB4E00FD4360 /* UIView+CXExtension.m in Sources */ = {isa = PBXBuildFile; fileRef = 154DAEE31CBFAB4E00FD4360 /* UIView+CXExtension.m */; };
		1589F80B1CBFA65B00BDB4F9 /* CXEssenceViewController.m in Sources */ = {isa = PBXBuildFile; fileRef = 1589F80A1CBFA65B00BDB4F9 /* CXEssenceViewController.m */; };
		1589F80E1CBFA67400BDB4F9 /* CXNewViewController.m in Sources */ = {isa = PBXBuildFile; fileRef = 1589F80D1CBFA67400BDB4F9 /* CXNewViewController.m */; };
		1589F8111CBFA69A00BDB4F9 /* CXFriendTrendsViewController.m in Sources */ = {isa = PBXBuildFile; fileRef = 1589F8101CBFA69A00BDB4F9 /* CXFriendTrendsViewController.m */; };
		1589F8141CBFA6AF00BDB4F9 /* CXMeViewController.m in Sources */ = {isa = PBXBuildFile; fileRef = 1589F8131CBFA6AF00BDB4F9 /* CXMeViewController.m */; };
		1589F8171CBFA6E600BDB4F9 /* CXTabBarController.m in Sources */ = {isa = PBXBuildFile; fileRef = 1589F8161CBFA6E600BDB4F9 /* CXTabBarController.m */; };
		1589F81A1CBFA71E00BDB4F9 /* CXTabBar.m in Sources */ = {isa = PBXBuildFile; fileRef = 1589F8191CBFA71E00BDB4F9 /* CXTabBar.m */; };
/* End PBXBuildFile section */

/* Begin PBXContainerItemProxy section */
		153911501CBF7A930033C7CE /* PBXContainerItemProxy */ = {
			isa = PBXContainerItemProxy;
			containerPortal = 1539112E1CBF7A930033C7CE /* Project object */;
			proxyType = 1;
			remoteGlobalIDString = 153911351CBF7A930033C7CE;
			remoteInfo = "百思demo";
		};
		1539115B1CBF7A930033C7CE /* PBXContainerItemProxy */ = {
			isa = PBXContainerItemProxy;
			containerPortal = 1539112E1CBF7A930033C7CE /* Project object */;
			proxyType = 1;
			remoteGlobalIDString = 153911351CBF7A930033C7CE;
			remoteInfo = "百思demo";
		};
/* End PBXContainerItemProxy section */

/* Begin PBXFileReference section */
		153911361CBF7A930033C7CE /* 百思demo.app */ = {isa = PBXFileReference; explicitFileType = wrapper.application; includeInIndex = 0; path = "百思demo.app"; sourceTree = BUILT_PRODUCTS_DIR; };
		1539113A1CBF7A930033C7CE /* main.m */ = {isa = PBXFileReference; lastKnownFileType = sourcecode.c.objc; path = main.m; sourceTree = "<group>"; };
		1539113C1CBF7A930033C7CE /* AppDelegate.h */ = {isa = PBXFileReference; lastKnownFileType = sourcecode.c.h; path = AppDelegate.h; sourceTree = "<group>"; };
		1539113D1CBF7A930033C7CE /* AppDelegate.m */ = {isa = PBXFileReference; lastKnownFileType = sourcecode.c.objc; path = AppDelegate.m; sourceTree = "<group>"; };
		153911431CBF7A930033C7CE /* Base */ = {isa = PBXFileReference; lastKnownFileType = file.storyboard; name = Base; path = Base.lproj/Main.storyboard; sourceTree = "<group>"; };
		153911451CBF7A930033C7CE /* Assets.xcassets */ = {isa = PBXFileReference; lastKnownFileType = folder.assetcatalog; path = Assets.xcassets; sourceTree = "<group>"; };
		153911481CBF7A930033C7CE /* Base */ = {isa = PBXFileReference; lastKnownFileType = file.storyboard; name = Base; path = Base.lproj/LaunchScreen.storyboard; sourceTree = "<group>"; };
		1539114A1CBF7A930033C7CE /* Info.plist */ = {isa = PBXFileReference; lastKnownFileType = text.plist.xml; path = Info.plist; sourceTree = "<group>"; };
		1539114F1CBF7A930033C7CE /* 百思demoTests.xctest */ = {isa = PBXFileReference; explicitFileType = wrapper.cfbundle; includeInIndex = 0; path = "百思demoTests.xctest"; sourceTree = BUILT_PRODUCTS_DIR; };
		153911531CBF7A930033C7CE /* __demoTests.m */ = {isa = PBXFileReference; lastKnownFileType = sourcecode.c.objc; path = __demoTests.m; sourceTree = "<group>"; };
		153911551CBF7A930033C7CE /* Info.plist */ = {isa = PBXFileReference; lastKnownFileType = text.plist.xml; path = Info.plist; sourceTree = "<group>"; };
		1539115A1CBF7A930033C7CE /* 百思demoUITests.xctest */ = {isa = PBXFileReference; explicitFileType = wrapper.cfbundle; includeInIndex = 0; path = "百思demoUITests.xctest"; sourceTree = BUILT_PRODUCTS_DIR; };
		1539115E1CBF7A930033C7CE /* __demoUITests.m */ = {isa = PBXFileReference; lastKnownFileType = sourcecode.c.objc; path = __demoUITests.m; sourceTree = "<group>"; };
		153911601CBF7A930033C7CE /* Info.plist */ = {isa = PBXFileReference; lastKnownFileType = text.plist.xml; path = Info.plist; sourceTree = "<group>"; };
		154DAEE21CBFAB4E00FD4360 /* UIView+CXExtension.h */ = {isa = PBXFileReference; fileEncoding = 4; lastKnownFileType = sourcecode.c.h; path = "UIView+CXExtension.h"; sourceTree = "<group>"; };
		154DAEE31CBFAB4E00FD4360 /* UIView+CXExtension.m */ = {isa = PBXFileReference; fileEncoding = 4; lastKnownFileType = sourcecode.c.objc; path = "UIView+CXExtension.m"; sourceTree = "<group>"; };
		154DAEE51CBFAB9B00FD4360 /* PrefixHeader.pch */ = {isa = PBXFileReference; lastKnownFileType = sourcecode.c.h; path = PrefixHeader.pch; sourceTree = "<group>"; };
		1589F8091CBFA65B00BDB4F9 /* CXEssenceViewController.h */ = {isa = PBXFileReference; fileEncoding = 4; lastKnownFileType = sourcecode.c.h; path = CXEssenceViewController.h; sourceTree = "<group>"; };
		1589F80A1CBFA65B00BDB4F9 /* CXEssenceViewController.m */ = {isa = PBXFileReference; fileEncoding = 4; lastKnownFileType = sourcecode.c.objc; path = CXEssenceViewController.m; sourceTree = "<group>"; };
		1589F80C1CBFA67400BDB4F9 /* CXNewViewController.h */ = {isa = PBXFileReference; fileEncoding = 4; lastKnownFileType = sourcecode.c.h; path = CXNewViewController.h; sourceTree = "<group>"; };
		1589F80D1CBFA67400BDB4F9 /* CXNewViewController.m */ = {isa = PBXFileReference; fileEncoding = 4; lastKnownFileType = sourcecode.c.objc; path = CXNewViewController.m; sourceTree = "<group>"; };
		1589F80F1CBFA69A00BDB4F9 /* CXFriendTrendsViewController.h */ = {isa = PBXFileReference; fileEncoding = 4; lastKnownFileType = sourcecode.c.h; path = CXFriendTrendsViewController.h; sourceTree = "<group>"; };
		1589F8101CBFA69A00BDB4F9 /* CXFriendTrendsViewController.m */ = {isa = PBXFileReference; fileEncoding = 4; lastKnownFileType = sourcecode.c.objc; path = CXFriendTrendsViewController.m; sourceTree = "<group>"; };
		1589F8121CBFA6AF00BDB4F9 /* CXMeViewController.h */ = {isa = PBXFileReference; fileEncoding = 4; lastKnownFileType = sourcecode.c.h; path = CXMeViewController.h; sourceTree = "<group>"; };
		1589F8131CBFA6AF00BDB4F9 /* CXMeViewController.m */ = {isa = PBXFileReference; fileEncoding = 4; lastKnownFileType = sourcecode.c.objc; path = CXMeViewController.m; sourceTree = "<group>"; };
		1589F8151CBFA6E600BDB4F9 /* CXTabBarController.h */ = {isa = PBXFileReference; fileEncoding = 4; lastKnownFileType = sourcecode.c.h; path = CXTabBarController.h; sourceTree = "<group>"; };
		1589F8161CBFA6E600BDB4F9 /* CXTabBarController.m */ = {isa = PBXFileReference; fileEncoding = 4; lastKnownFileType = sourcecode.c.objc; path = CXTabBarController.m; sourceTree = "<group>"; };
		1589F8181CBFA71E00BDB4F9 /* CXTabBar.h */ = {isa = PBXFileReference; fileEncoding = 4; lastKnownFileType = sourcecode.c.h; path = CXTabBar.h; sourceTree = "<group>"; };
		1589F8191CBFA71E00BDB4F9 /* CXTabBar.m */ = {isa = PBXFileReference; fileEncoding = 4; lastKnownFileType = sourcecode.c.objc; path = CXTabBar.m; sourceTree = "<group>"; };
/* End PBXFileReference section */

/* Begin PBXFrameworksBuildPhase section */
		153911331CBF7A930033C7CE /* Frameworks */ = {
			isa = PBXFrameworksBuildPhase;
			buildActionMask = 2147483647;
			files = (
			);
			runOnlyForDeploymentPostprocessing = 0;
		};
		1539114C1CBF7A930033C7CE /* Frameworks */ = {
			isa = PBXFrameworksBuildPhase;
			buildActionMask = 2147483647;
			files = (
			);
			runOnlyForDeploymentPostprocessing = 0;
		};
		153911571CBF7A930033C7CE /* Frameworks */ = {
			isa = PBXFrameworksBuildPhase;
			buildActionMask = 2147483647;
			files = (
			);
			runOnlyForDeploymentPostprocessing = 0;
		};
/* End PBXFrameworksBuildPhase section */

/* Begin PBXGroup section */
		1539112D1CBF7A930033C7CE = {
			isa = PBXGroup;
			children = (
				153911381CBF7A930033C7CE /* 百思demo */,
				153911521CBF7A930033C7CE /* 百思demoTests */,
				1539115D1CBF7A930033C7CE /* 百思demoUITests */,
				153911371CBF7A930033C7CE /* Products */,
			);
			sourceTree = "<group>";
		};
		153911371CBF7A930033C7CE /* Products */ = {
			isa = PBXGroup;
			children = (
				153911361CBF7A930033C7CE /* 百思demo.app */,
				1539114F1CBF7A930033C7CE /* 百思demoTests.xctest */,
				1539115A1CBF7A930033C7CE /* 百思demoUITests.xctest */,
			);
			name = Products;
			sourceTree = "<group>";
		};
		153911381CBF7A930033C7CE /* 百思demo */ = {
			isa = PBXGroup;
			children = (
				1539113C1CBF7A930033C7CE /* AppDelegate.h */,
				1539113D1CBF7A930033C7CE /* AppDelegate.m */,
				1589F8091CBFA65B00BDB4F9 /* CXEssenceViewController.h */,
				1589F80A1CBFA65B00BDB4F9 /* CXEssenceViewController.m */,
				1589F80C1CBFA67400BDB4F9 /* CXNewViewController.h */,
				1589F80D1CBFA67400BDB4F9 /* CXNewViewController.m */,
				1589F80F1CBFA69A00BDB4F9 /* CXFriendTrendsViewController.h */,
				1589F8101CBFA69A00BDB4F9 /* CXFriendTrendsViewController.m */,
				1589F8121CBFA6AF00BDB4F9 /* CXMeViewController.h */,
				1589F8131CBFA6AF00BDB4F9 /* CXMeViewController.m */,
				1589F8151CBFA6E600BDB4F9 /* CXTabBarController.h */,
				1589F8161CBFA6E600BDB4F9 /* CXTabBarController.m */,
				1589F8181CBFA71E00BDB4F9 /* CXTabBar.h */,
				1589F8191CBFA71E00BDB4F9 /* CXTabBar.m */,
				154DAEE21CBFAB4E00FD4360 /* UIView+CXExtension.h */,
				154DAEE31CBFAB4E00FD4360 /* UIView+CXExtension.m */,
				154DAEE51CBFAB9B00FD4360 /* PrefixHeader.pch */,
				153911391CBF7A930033C7CE /* Supporting Files */,
			);
			path = "百思demo";
			sourceTree = "<group>";
		};
		153911391CBF7A930033C7CE /* Supporting Files */ = {
			isa = PBXGroup;
			children = (
				153911421CBF7A930033C7CE /* Main.storyboard */,
				153911451CBF7A930033C7CE /* Assets.xcassets */,
				153911471CBF7A930033C7CE /* LaunchScreen.storyboard */,
				1539114A1CBF7A930033C7CE /* Info.plist */,
				1539113A1CBF7A930033C7CE /* main.m */,
			);
			name = "Supporting Files";
			sourceTree = "<group>";
		};
		153911521CBF7A930033C7CE /* 百思demoTests */ = {
			isa = PBXGroup;
			children = (
				153911531CBF7A930033C7CE /* __demoTests.m */,
				153911551CBF7A930033C7CE /* Info.plist */,
			);
			path = "百思demoTests";
			sourceTree = "<group>";
		};
		1539115D1CBF7A930033C7CE /* 百思demoUITests */ = {
			isa = PBXGroup;
			children = (
				1539115E1CBF7A930033C7CE /* __demoUITests.m */,
				153911601CBF7A930033C7CE /* Info.plist */,
			);
			path = "百思demoUITests";
			sourceTree = "<group>";
		};
/* End PBXGroup section */

/* Begin PBXNativeTarget section */
		153911351CBF7A930033C7CE /* 百思demo */ = {
			isa = PBXNativeTarget;
			buildConfigurationList = 153911631CBF7A930033C7CE /* Build configuration list for PBXNativeTarget "百思demo" */;
			buildPhases = (
				153911321CBF7A930033C7CE /* Sources */,
				153911331CBF7A930033C7CE /* Frameworks */,
				153911341CBF7A930033C7CE /* Resources */,
			);
			buildRules = (
			);
			dependencies = (
			);
			name = "百思demo";
			productName = "百思demo";
			productReference = 153911361CBF7A930033C7CE /* 百思demo.app */;
			productType = "com.apple.product-type.application";
		};
		1539114E1CBF7A930033C7CE /* 百思demoTests */ = {
			isa = PBXNativeTarget;
			buildConfigurationList = 153911661CBF7A930033C7CE /* Build configuration list for PBXNativeTarget "百思demoTests" */;
			buildPhases = (
				1539114B1CBF7A930033C7CE /* Sources */,
				1539114C1CBF7A930033C7CE /* Frameworks */,
				1539114D1CBF7A930033C7CE /* Resources */,
			);
			buildRules = (
			);
			dependencies = (
				153911511CBF7A930033C7CE /* PBXTargetDependency */,
			);
			name = "百思demoTests";
			productName = "百思demoTests";
			productReference = 1539114F1CBF7A930033C7CE /* 百思demoTests.xctest */;
			productType = "com.apple.product-type.bundle.unit-test";
		};
		153911591CBF7A930033C7CE /* 百思demoUITests */ = {
			isa = PBXNativeTarget;
			buildConfigurationList = 153911691CBF7A930033C7CE /* Build configuration list for PBXNativeTarget "百思demoUITests" */;
			buildPhases = (
				153911561CBF7A930033C7CE /* Sources */,
				153911571CBF7A930033C7CE /* Frameworks */,
				153911581CBF7A930033C7CE /* Resources */,
			);
			buildRules = (
			);
			dependencies = (
				1539115C1CBF7A930033C7CE /* PBXTargetDependency */,
			);
			name = "百思demoUITests";
			productName = "百思demoUITests";
			productReference = 1539115A1CBF7A930033C7CE /* 百思demoUITests.xctest */;
			productType = "com.apple.product-type.bundle.ui-testing";
		};
/* End PBXNativeTarget section */

/* Begin PBXProject section */
		1539112E1CBF7A930033C7CE /* Project object */ = {
			isa = PBXProject;
			attributes = {
				CLASSPREFIX = CX;
				LastUpgradeCheck = 0720;
				ORGANIZATIONNAME = chenxi;
				TargetAttributes = {
					153911351CBF7A930033C7CE = {
						CreatedOnToolsVersion = 7.2;
						DevelopmentTeam = 942R9KPAV6;
					};
					1539114E1CBF7A930033C7CE = {
						CreatedOnToolsVersion = 7.2;
						DevelopmentTeam = 942R9KPAV6;
						TestTargetID = 153911351CBF7A930033C7CE;
					};
					153911591CBF7A930033C7CE = {
						CreatedOnToolsVersion = 7.2;
						DevelopmentTeam = 942R9KPAV6;
						TestTargetID = 153911351CBF7A930033C7CE;
					};
				};
			};
			buildConfigurationList = 153911311CBF7A930033C7CE /* Build configuration list for PBXProject "百思demo" */;
			compatibilityVersion = "Xcode 3.2";
			developmentRegion = English;
			hasScannedForEncodings = 0;
			knownRegions = (
				en,
				Base,
			);
			mainGroup = 1539112D1CBF7A930033C7CE;
			productRefGroup = 153911371CBF7A930033C7CE /* Products */;
			projectDirPath = "";
			projectRoot = "";
			targets = (
				153911351CBF7A930033C7CE /* 百思demo */,
				1539114E1CBF7A930033C7CE /* 百思demoTests */,
				153911591CBF7A930033C7CE /* 百思demoUITests */,
			);
		};
/* End PBXProject section */

/* Begin PBXResourcesBuildPhase section */
		153911341CBF7A930033C7CE /* Resources */ = {
			isa = PBXResourcesBuildPhase;
			buildActionMask = 2147483647;
			files = (
				153911491CBF7A930033C7CE /* LaunchScreen.storyboard in Resources */,
				153911461CBF7A930033C7CE /* Assets.xcassets in Resources */,
				153911441CBF7A930033C7CE /* Main.storyboard in Resources */,
			);
			runOnlyForDeploymentPostprocessing = 0;
		};
		1539114D1CBF7A930033C7CE /* Resources */ = {
			isa = PBXResourcesBuildPhase;
			buildActionMask = 2147483647;
			files = (
			);
			runOnlyForDeploymentPostprocessing = 0;
		};
		153911581CBF7A930033C7CE /* Resources */ = {
			isa = PBXResourcesBuildPhase;
			buildActionMask = 2147483647;
			files = (
			);
			runOnlyForDeploymentPostprocessing = 0;
		};
/* End PBXResourcesBuildPhase section */

/* Begin PBXSourcesBuildPhase section */
		153911321CBF7A930033C7CE /* Sources */ = {
			isa = PBXSourcesBuildPhase;
			buildActionMask = 2147483647;
			files = (
				1589F80B1CBFA65B00BDB4F9 /* CXEssenceViewController.m in Sources */,
				1589F8141CBFA6AF00BDB4F9 /* CXMeViewController.m in Sources */,
				1589F8171CBFA6E600BDB4F9 /* CXTabBarController.m in Sources */,
				154DAEE41CBFAB4E00FD4360 /* UIView+CXExtension.m in Sources */,
				1539113E1CBF7A930033C7CE /* AppDelegate.m in Sources */,
				1589F80E1CBFA67400BDB4F9 /* CXNewViewController.m in Sources */,
				1589F81A1CBFA71E00BDB4F9 /* CXTabBar.m in Sources */,
				1539113B1CBF7A930033C7CE /* main.m in Sources */,
				1589F8111CBFA69A00BDB4F9 /* CXFriendTrendsViewController.m in Sources */,
			);
			runOnlyForDeploymentPostprocessing = 0;
		};
		1539114B1CBF7A930033C7CE /* Sources */ = {
			isa = PBXSourcesBuildPhase;
			buildActionMask = 2147483647;
			files = (
				153911541CBF7A930033C7CE /* __demoTests.m in Sources */,
			);
			runOnlyForDeploymentPostprocessing = 0;
		};
		153911561CBF7A930033C7CE /* Sources */ = {
			isa = PBXSourcesBuildPhase;
			buildActionMask = 2147483647;
			files = (
				1539115F1CBF7A930033C7CE /* __demoUITests.m in Sources */,
			);
			runOnlyForDeploymentPostprocessing = 0;
		};
/* End PBXSourcesBuildPhase section */

/* Begin PBXTargetDependency section */
		153911511CBF7A930033C7CE /* PBXTargetDependency */ = {
			isa = PBXTargetDependency;
			target = 153911351CBF7A930033C7CE /* 百思demo */;
			targetProxy = 153911501CBF7A930033C7CE /* PBXContainerItemProxy */;
		};
		1539115C1CBF7A930033C7CE /* PBXTargetDependency */ = {
			isa = PBXTargetDependency;
			target = 153911351CBF7A930033C7CE /* 百思demo */;
			targetProxy = 1539115B1CBF7A930033C7CE /* PBXContainerItemProxy */;
		};
/* End PBXTargetDependency section */

/* Begin PBXVariantGroup section */
		153911421CBF7A930033C7CE /* Main.storyboard */ = {
			isa = PBXVariantGroup;
			children = (
				153911431CBF7A930033C7CE /* Base */,
			);
			name = Main.storyboard;
			sourceTree = "<group>";
		};
		153911471CBF7A930033C7CE /* LaunchScreen.storyboard */ = {
			isa = PBXVariantGroup;
			children = (
				153911481CBF7A930033C7CE /* Base */,
			);
			name = LaunchScreen.storyboard;
			sourceTree = "<group>";
		};
/* End PBXVariantGroup section */

/* Begin XCBuildConfiguration section */
		153911611CBF7A930033C7CE /* Debug */ = {
			isa = XCBuildConfiguration;
			buildSettings = {
				ALWAYS_SEARCH_USER_PATHS = NO;
				CLANG_CXX_LANGUAGE_STANDARD = "gnu++0x";
				CLANG_CXX_LIBRARY = "libc++";
				CLANG_ENABLE_MODULES = YES;
				CLANG_ENABLE_OBJC_ARC = YES;
				CLANG_WARN_BOOL_CONVERSION = YES;
				CLANG_WARN_CONSTANT_CONVERSION = YES;
				CLANG_WARN_DIRECT_OBJC_ISA_USAGE = YES_ERROR;
				CLANG_WARN_EMPTY_BODY = YES;
				CLANG_WARN_ENUM_CONVERSION = YES;
				CLANG_WARN_INT_CONVERSION = YES;
				CLANG_WARN_OBJC_ROOT_CLASS = YES_ERROR;
				CLANG_WARN_UNREACHABLE_CODE = YES;
				CLANG_WARN__DUPLICATE_METHOD_MATCH = YES;
				"CODE_SIGN_IDENTITY[sdk=iphoneos*]" = "iPhone Developer";
				COPY_PHASE_STRIP = NO;
				DEBUG_INFORMATION_FORMAT = dwarf;
				ENABLE_STRICT_OBJC_MSGSEND = YES;
				ENABLE_TESTABILITY = YES;
				GCC_C_LANGUAGE_STANDARD = gnu99;
				GCC_DYNAMIC_NO_PIC = NO;
				GCC_NO_COMMON_BLOCKS = YES;
				GCC_OPTIMIZATION_LEVEL = 0;
				GCC_PREFIX_HEADER = "$(SRCROOT)/百思demo/prefixHeader.pch";
				GCC_PREPROCESSOR_DEFINITIONS = (
					"DEBUG=1",
					"$(inherited)",
				);
				GCC_WARN_64_TO_32_BIT_CONVERSION = YES;
				GCC_WARN_ABOUT_RETURN_TYPE = YES_ERROR;
				GCC_WARN_UNDECLARED_SELECTOR = YES;
				GCC_WARN_UNINITIALIZED_AUTOS = YES_AGGRESSIVE;
				GCC_WARN_UNUSED_FUNCTION = YES;
				GCC_WARN_UNUSED_VARIABLE = YES;
				IPHONEOS_DEPLOYMENT_TARGET = 9.2;
				MTL_ENABLE_DEBUG_INFO = YES;
				ONLY_ACTIVE_ARCH = YES;
				SDKROOT = iphoneos;
				TARGETED_DEVICE_FAMILY = "1,2";
			};
			name = Debug;
		};
		153911621CBF7A930033C7CE /* Release */ = {
			isa = XCBuildConfiguration;
			buildSettings = {
				ALWAYS_SEARCH_USER_PATHS = NO;
				CLANG_CXX_LANGUAGE_STANDARD = "gnu++0x";
				CLANG_CXX_LIBRARY = "libc++";
				CLANG_ENABLE_MODULES = YES;
				CLANG_ENABLE_OBJC_ARC = YES;
				CLANG_WARN_BOOL_CONVERSION = YES;
				CLANG_WARN_CONSTANT_CONVERSION = YES;
				CLANG_WARN_DIRECT_OBJC_ISA_USAGE = YES_ERROR;
				CLANG_WARN_EMPTY_BODY = YES;
				CLANG_WARN_ENUM_CONVERSION = YES;
				CLANG_WARN_INT_CONVERSION = YES;
				CLANG_WARN_OBJC_ROOT_CLASS = YES_ERROR;
				CLANG_WARN_UNREACHABLE_CODE = YES;
				CLANG_WARN__DUPLICATE_METHOD_MATCH = YES;
				"CODE_SIGN_IDENTITY[sdk=iphoneos*]" = "iPhone Developer";
				COPY_PHASE_STRIP = NO;
				DEBUG_INFORMATION_FORMAT = "dwarf-with-dsym";
				ENABLE_NS_ASSERTIONS = NO;
				ENABLE_STRICT_OBJC_MSGSEND = YES;
				GCC_C_LANGUAGE_STANDARD = gnu99;
				GCC_NO_COMMON_BLOCKS = YES;
				GCC_PREFIX_HEADER = "$(SRCROOT)/百思demo/prefixHeader.pch";
				GCC_WARN_64_TO_32_BIT_CONVERSION = YES;
				GCC_WARN_ABOUT_RETURN_TYPE = YES_ERROR;
				GCC_WARN_UNDECLARED_SELECTOR = YES;
				GCC_WARN_UNINITIALIZED_AUTOS = YES_AGGRESSIVE;
				GCC_WARN_UNUSED_FUNCTION = YES;
				GCC_WARN_UNUSED_VARIABLE = YES;
				IPHONEOS_DEPLOYMENT_TARGET = 9.2;
				MTL_ENABLE_DEBUG_INFO = NO;
				SDKROOT = iphoneos;
				TARGETED_DEVICE_FAMILY = "1,2";
				VALIDATE_PRODUCT = YES;
			};
			name = Release;
		};
		153911641CBF7A930033C7CE /* Debug */ = {
			isa = XCBuildConfiguration;
			buildSettings = {
				ASSETCATALOG_COMPILER_APPICON_NAME = AppIcon;
				INFOPLIST_FILE = "百思demo/Info.plist";
				LD_RUNPATH_SEARCH_PATHS = "$(inherited) @executable_path/Frameworks";
				PRODUCT_BUNDLE_IDENTIFIER = "chenxi.--demo";
				PRODUCT_NAME = "$(TARGET_NAME)";
			};
			name = Debug;
		};
		153911651CBF7A930033C7CE /* Release */ = {
			isa = XCBuildConfiguration;
			buildSettings = {
				ASSETCATALOG_COMPILER_APPICON_NAME = AppIcon;
				INFOPLIST_FILE = "百思demo/Info.plist";
				LD_RUNPATH_SEARCH_PATHS = "$(inherited) @executable_path/Frameworks";
				PRODUCT_BUNDLE_IDENTIFIER = "chenxi.--demo";
				PRODUCT_NAME = "$(TARGET_NAME)";
			};
			name = Release;
		};
		153911671CBF7A930033C7CE /* Debug */ = {
			isa = XCBuildConfiguration;
			buildSettings = {
				BUNDLE_LOADER = "$(TEST_HOST)";
				INFOPLIST_FILE = "百思demoTests/Info.plist";
				LD_RUNPATH_SEARCH_PATHS = "$(inherited) @executable_path/Frameworks @loader_path/Frameworks";
				PRODUCT_BUNDLE_IDENTIFIER = "chenxi.--demoTests";
				PRODUCT_NAME = "$(TARGET_NAME)";
				TEST_HOST = "$(BUILT_PRODUCTS_DIR)/百思demo.app/百思demo";
			};
			name = Debug;
		};
		153911681CBF7A930033C7CE /* Release */ = {
			isa = XCBuildConfiguration;
			buildSettings = {
				BUNDLE_LOADER = "$(TEST_HOST)";
				INFOPLIST_FILE = "百思demoTests/Info.plist";
				LD_RUNPATH_SEARCH_PATHS = "$(inherited) @executable_path/Frameworks @loader_path/Frameworks";
				PRODUCT_BUNDLE_IDENTIFIER = "chenxi.--demoTests";
				PRODUCT_NAME = "$(TARGET_NAME)";
				TEST_HOST = "$(BUILT_PRODUCTS_DIR)/百思demo.app/百思demo";
			};
			name = Release;
		};
		1539116A1CBF7A930033C7CE /* Debug */ = {
			isa = XCBuildConfiguration;
			buildSettings = {
				INFOPLIST_FILE = "百思demoUITests/Info.plist";
				LD_RUNPATH_SEARCH_PATHS = "$(inherited) @executable_path/Frameworks @loader_path/Frameworks";
				PRODUCT_BUNDLE_IDENTIFIER = "chenxi.--demoUITests";
				PRODUCT_NAME = "$(TARGET_NAME)";
				TEST_TARGET_NAME = "百思demo";
				USES_XCTRUNNER = YES;
			};
			name = Debug;
		};
		1539116B1CBF7A930033C7CE /* Release */ = {
			isa = XCBuildConfiguration;
			buildSettings = {
				INFOPLIST_FILE = "百思demoUITests/Info.plist";
				LD_RUNPATH_SEARCH_PATHS = "$(inherited) @executable_path/Frameworks @loader_path/Frameworks";
				PRODUCT_BUNDLE_IDENTIFIER = "chenxi.--demoUITests";
				PRODUCT_NAME = "$(TARGET_NAME)";
				TEST_TARGET_NAME = "百思demo";
				USES_XCTRUNNER = YES;
			};
			name = Release;
		};
/* End XCBuildConfiguration section */

/* Begin XCConfigurationList section */
		153911311CBF7A930033C7CE /* Build configuration list for PBXProject "百思demo" */ = {
			isa = XCConfigurationList;
			buildConfigurations = (
				153911611CBF7A930033C7CE /* Debug */,
				153911621CBF7A930033C7CE /* Release */,
			);
			defaultConfigurationIsVisible = 0;
			defaultConfigurationName = Release;
		};
		153911631CBF7A930033C7CE /* Build configuration list for PBXNativeTarget "百思demo" */ = {
			isa = XCConfigurationList;
			buildConfigurations = (
				153911641CBF7A930033C7CE /* Debug */,
				153911651CBF7A930033C7CE /* Release */,
			);
			defaultConfigurationIsVisible = 0;
			defaultConfigurationName = Release;
		};
		153911661CBF7A930033C7CE /* Build configuration list for PBXNativeTarget "百思demoTests" */ = {
			isa = XCConfigurationList;
			buildConfigurations = (
				153911671CBF7A930033C7CE /* Debug */,
				153911681CBF7A930033C7CE /* Release */,
			);
			defaultConfigurationIsVisible = 0;
			defaultConfigurationName = Release;
		};
		153911691CBF7A930033C7CE /* Build configuration list for PBXNativeTarget "百思demoUITests" */ = {
			isa = XCConfigurationList;
			buildConfigurations = (
				1539116A1CBF7A930033C7CE /* Debug */,
				1539116B1CBF7A930033C7CE /* Release */,
			);
			defaultConfigurationIsVisible = 0;
			defaultConfigurationName = Release;
		};
/* End XCConfigurationList section */
	};
	rootObject = 1539112E1CBF7A930033C7CE /* Project object */;
}
