// !$*UTF8*$!
{
	archiveVersion = 1;
	classes = {
	};
	objectVersion = 46;
	objects = {

/* Begin PBXBuildFile section */
		1537BB4D1CCDEFB0009BD28A /* CXRecommendUserCell.m in Sources */ = {isa = PBXBuildFile; fileRef = 1537BB4C1CCDEFB0009BD28A /* CXRecommendUserCell.m */; };
		1537BB4F1CCDEFB8009BD28A /* CXRecommendUserCell.xib in Resources */ = {isa = PBXBuildFile; fileRef = 1537BB4E1CCDEFB8009BD28A /* CXRecommendUserCell.xib */; };
		1537BB521CCE0194009BD28A /* CXRecommendUser.m in Sources */ = {isa = PBXBuildFile; fileRef = 1537BB511CCE0194009BD28A /* CXRecommendUser.m */; };
		153911441CBF7A930033C7CE /* Main.storyboard in Resources */ = {isa = PBXBuildFile; fileRef = 153911421CBF7A930033C7CE /* Main.storyboard */; };
		153911461CBF7A930033C7CE /* Assets.xcassets in Resources */ = {isa = PBXBuildFile; fileRef = 153911451CBF7A930033C7CE /* Assets.xcassets */; };
		153911491CBF7A930033C7CE /* LaunchScreen.storyboard in Resources */ = {isa = PBXBuildFile; fileRef = 153911471CBF7A930033C7CE /* LaunchScreen.storyboard */; };
		153911541CBF7A930033C7CE /* __demoTests.m in Sources */ = {isa = PBXBuildFile; fileRef = 153911531CBF7A930033C7CE /* __demoTests.m */; };
		1539115F1CBF7A930033C7CE /* __demoUITests.m in Sources */ = {isa = PBXBuildFile; fileRef = 1539115E1CBF7A930033C7CE /* __demoUITests.m */; };
		15558FD91CC4CF150044CB32 /* CXNavigationController.m in Sources */ = {isa = PBXBuildFile; fileRef = 15558FD81CC4CF150044CB32 /* CXNavigationController.m */; };
		15558FDC1CC4D1290044CB32 /* CXTestViewController.m in Sources */ = {isa = PBXBuildFile; fileRef = 15558FDB1CC4D1290044CB32 /* CXTestViewController.m */; };
		156B059C1CC87E0400EC0D96 /* CXRecommendViewController.m in Sources */ = {isa = PBXBuildFile; fileRef = 156B059A1CC87E0400EC0D96 /* CXRecommendViewController.m */; };
		156B059D1CC87E0400EC0D96 /* CXRecommendViewController.xib in Resources */ = {isa = PBXBuildFile; fileRef = 156B059B1CC87E0400EC0D96 /* CXRecommendViewController.xib */; };
		1577BD651CF004D600D3CA4C /* CXLoginRegisterViewController.m in Sources */ = {isa = PBXBuildFile; fileRef = 1577BD631CF004D600D3CA4C /* CXLoginRegisterViewController.m */; };
		1577BD6A1CF01E0800D3CA4C /* CXLoginRegisterViewController.xib in Resources */ = {isa = PBXBuildFile; fileRef = 1577BD691CF01E0800D3CA4C /* CXLoginRegisterViewController.xib */; };
		1577BD6D1CF026C600D3CA4C /* CXVerticalButton.m in Sources */ = {isa = PBXBuildFile; fileRef = 1577BD6C1CF026C600D3CA4C /* CXVerticalButton.m */; };
		157A02861CC9E28200DE507F /* CXRecommendCategoryCell.m in Sources */ = {isa = PBXBuildFile; fileRef = 157A02841CC9E28200DE507F /* CXRecommendCategoryCell.m */; };
		157A02871CC9E28200DE507F /* CXRecommendCategoryCell.xib in Resources */ = {isa = PBXBuildFile; fileRef = 157A02851CC9E28200DE507F /* CXRecommendCategoryCell.xib */; };
		1585F38F1CEEB9D90046F087 /* CXRecommendTagsViewController.m in Sources */ = {isa = PBXBuildFile; fileRef = 1585F38E1CEEB9D90046F087 /* CXRecommendTagsViewController.m */; };
		1585F3921CEEBAB90046F087 /* CXRecommendTag.m in Sources */ = {isa = PBXBuildFile; fileRef = 1585F3911CEEBAB90046F087 /* CXRecommendTag.m */; };
		1585F3961CEEBB010046F087 /* CXRecommendTagCell.m in Sources */ = {isa = PBXBuildFile; fileRef = 1585F3941CEEBB010046F087 /* CXRecommendTagCell.m */; };
		1585F3991CEEBE440046F087 /* CXRecommendTagCell.xib in Resources */ = {isa = PBXBuildFile; fileRef = 1585F3981CEEBE440046F087 /* CXRecommendTagCell.xib */; };
		15CD71851CC8E26D00807908 /* CXRecommendCategory.m in Sources */ = {isa = PBXBuildFile; fileRef = 15CD71841CC8E26D00807908 /* CXRecommendCategory.m */; };
		15DA97ED1CC0ECC8004D174C /* CXEssenceViewController.m in Sources */ = {isa = PBXBuildFile; fileRef = 15DA97C81CC0ECC8004D174C /* CXEssenceViewController.m */; };
		15DA97EE1CC0ECC8004D174C /* CXFriendTrendsViewController.m in Sources */ = {isa = PBXBuildFile; fileRef = 15DA97CE1CC0ECC8004D174C /* CXFriendTrendsViewController.m */; };
		15DA97EF1CC0ECC8004D174C /* CXMeViewController.m in Sources */ = {isa = PBXBuildFile; fileRef = 15DA97D41CC0ECC8004D174C /* CXMeViewController.m */; };
		15DA97F01CC0ECC8004D174C /* CXNewViewController.m in Sources */ = {isa = PBXBuildFile; fileRef = 15DA97DA1CC0ECC8004D174C /* CXNewViewController.m */; };
		15DA97F11CC0ECC8004D174C /* AppDelegate.m in Sources */ = {isa = PBXBuildFile; fileRef = 15DA97DF1CC0ECC8004D174C /* AppDelegate.m */; };
		15DA97F21CC0ECC8004D174C /* UIBarButtonItem+CXExtension.m in Sources */ = {isa = PBXBuildFile; fileRef = 15DA97E21CC0ECC8004D174C /* UIBarButtonItem+CXExtension.m */; };
		15DA97F31CC0ECC8004D174C /* UIView+CXExtension.m in Sources */ = {isa = PBXBuildFile; fileRef = 15DA97E41CC0ECC8004D174C /* UIView+CXExtension.m */; };
		15DA97F41CC0ECC8004D174C /* CXTabBarController.m in Sources */ = {isa = PBXBuildFile; fileRef = 15DA97E71CC0ECC8004D174C /* CXTabBarController.m */; };
		15DA97F51CC0ECC8004D174C /* main.m in Sources */ = {isa = PBXBuildFile; fileRef = 15DA97E81CC0ECC8004D174C /* main.m */; };
		15DA97F61CC0ECC8004D174C /* CXTabBar.m in Sources */ = {isa = PBXBuildFile; fileRef = 15DA97EC1CC0ECC8004D174C /* CXTabBar.m */; };
		15E68AD51CC649C000F07127 /* CXFriendTrendsViewController.xib in Resources */ = {isa = PBXBuildFile; fileRef = 15E68AD41CC649C000F07127 /* CXFriendTrendsViewController.xib */; };
		B1AADE3BE11921B675EB9371 /* libPods.a in Frameworks */ = {isa = PBXBuildFile; fileRef = 9CB787B18AFB8082ABDF01DB /* libPods.a */; };
/* End PBXBuildFile section */

/* Begin PBXContainerItemProxy section */
		153911501CBF7A930033C7CE /* PBXContainerItemProxy */ = {
			isa = PBXContainerItemProxy;
			containerPortal = 1539112E1CBF7A930033C7CE /* Project object */;
			proxyType = 1;
			remoteGlobalIDString = 153911351CBF7A930033C7CE;
			remoteInfo = "百思demo";
		};
		1539115B1CBF7A930033C7CE /* PBXContainerItemProxy */ = {
			isa = PBXContainerItemProxy;
			containerPortal = 1539112E1CBF7A930033C7CE /* Project object */;
			proxyType = 1;
			remoteGlobalIDString = 153911351CBF7A930033C7CE;
			remoteInfo = "百思demo";
		};
/* End PBXContainerItemProxy section */

/* Begin PBXFileReference section */
		00A00579C834ACD8B3C47E9A /* Pods.debug.xcconfig */ = {isa = PBXFileReference; includeInIndex = 1; lastKnownFileType = text.xcconfig; name = Pods.debug.xcconfig; path = "Pods/Target Support Files/Pods/Pods.debug.xcconfig"; sourceTree = "<group>"; };
		1537BB4B1CCDEFB0009BD28A /* CXRecommendUserCell.h */ = {isa = PBXFileReference; fileEncoding = 4; lastKnownFileType = sourcecode.c.h; path = CXRecommendUserCell.h; sourceTree = "<group>"; };
		1537BB4C1CCDEFB0009BD28A /* CXRecommendUserCell.m */ = {isa = PBXFileReference; fileEncoding = 4; lastKnownFileType = sourcecode.c.objc; path = CXRecommendUserCell.m; sourceTree = "<group>"; };
		1537BB4E1CCDEFB8009BD28A /* CXRecommendUserCell.xib */ = {isa = PBXFileReference; fileEncoding = 4; lastKnownFileType = file.xib; path = CXRecommendUserCell.xib; sourceTree = "<group>"; };
		1537BB501CCE0194009BD28A /* CXRecommendUser.h */ = {isa = PBXFileReference; fileEncoding = 4; lastKnownFileType = sourcecode.c.h; path = CXRecommendUser.h; sourceTree = "<group>"; };
		1537BB511CCE0194009BD28A /* CXRecommendUser.m */ = {isa = PBXFileReference; fileEncoding = 4; lastKnownFileType = sourcecode.c.objc; path = CXRecommendUser.m; sourceTree = "<group>"; };
		153911361CBF7A930033C7CE /* 百思demo.app */ = {isa = PBXFileReference; explicitFileType = wrapper.application; includeInIndex = 0; path = "百思demo.app"; sourceTree = BUILT_PRODUCTS_DIR; };
		153911431CBF7A930033C7CE /* Base */ = {isa = PBXFileReference; lastKnownFileType = file.storyboard; name = Base; path = Base.lproj/Main.storyboard; sourceTree = "<group>"; };
		153911451CBF7A930033C7CE /* Assets.xcassets */ = {isa = PBXFileReference; lastKnownFileType = folder.assetcatalog; path = Assets.xcassets; sourceTree = "<group>"; };
		153911481CBF7A930033C7CE /* Base */ = {isa = PBXFileReference; lastKnownFileType = file.storyboard; name = Base; path = Base.lproj/LaunchScreen.storyboard; sourceTree = "<group>"; };
		1539114A1CBF7A930033C7CE /* Info.plist */ = {isa = PBXFileReference; lastKnownFileType = text.plist.xml; path = Info.plist; sourceTree = "<group>"; };
		1539114F1CBF7A930033C7CE /* 百思demoTests.xctest */ = {isa = PBXFileReference; explicitFileType = wrapper.cfbundle; includeInIndex = 0; path = "百思demoTests.xctest"; sourceTree = BUILT_PRODUCTS_DIR; };
		153911531CBF7A930033C7CE /* __demoTests.m */ = {isa = PBXFileReference; lastKnownFileType = sourcecode.c.objc; path = __demoTests.m; sourceTree = "<group>"; };
		153911551CBF7A930033C7CE /* Info.plist */ = {isa = PBXFileReference; lastKnownFileType = text.plist.xml; name = Info.plist; path = "百思demoTests/Info.plist"; sourceTree = "<group>"; };
		1539115A1CBF7A930033C7CE /* 百思demoUITests.xctest */ = {isa = PBXFileReference; explicitFileType = wrapper.cfbundle; includeInIndex = 0; path = "百思demoUITests.xctest"; sourceTree = BUILT_PRODUCTS_DIR; };
		1539115E1CBF7A930033C7CE /* __demoUITests.m */ = {isa = PBXFileReference; lastKnownFileType = sourcecode.c.objc; path = __demoUITests.m; sourceTree = "<group>"; };
		153911601CBF7A930033C7CE /* Info.plist */ = {isa = PBXFileReference; lastKnownFileType = text.plist.xml; path = Info.plist; sourceTree = "<group>"; };
		15558FD71CC4CF150044CB32 /* CXNavigationController.h */ = {isa = PBXFileReference; fileEncoding = 4; lastKnownFileType = sourcecode.c.h; path = CXNavigationController.h; sourceTree = "<group>"; };
		15558FD81CC4CF150044CB32 /* CXNavigationController.m */ = {isa = PBXFileReference; fileEncoding = 4; lastKnownFileType = sourcecode.c.objc; path = CXNavigationController.m; sourceTree = "<group>"; };
		15558FDA1CC4D1290044CB32 /* CXTestViewController.h */ = {isa = PBXFileReference; fileEncoding = 4; lastKnownFileType = sourcecode.c.h; path = CXTestViewController.h; sourceTree = "<group>"; };
		15558FDB1CC4D1290044CB32 /* CXTestViewController.m */ = {isa = PBXFileReference; fileEncoding = 4; lastKnownFileType = sourcecode.c.objc; path = CXTestViewController.m; sourceTree = "<group>"; };
		156B05991CC87E0400EC0D96 /* CXRecommendViewController.h */ = {isa = PBXFileReference; fileEncoding = 4; lastKnownFileType = sourcecode.c.h; path = CXRecommendViewController.h; sourceTree = "<group>"; };
		156B059A1CC87E0400EC0D96 /* CXRecommendViewController.m */ = {isa = PBXFileReference; fileEncoding = 4; lastKnownFileType = sourcecode.c.objc; path = CXRecommendViewController.m; sourceTree = "<group>"; };
		156B059B1CC87E0400EC0D96 /* CXRecommendViewController.xib */ = {isa = PBXFileReference; fileEncoding = 4; lastKnownFileType = file.xib; path = CXRecommendViewController.xib; sourceTree = "<group>"; };
		1577BD621CF004D600D3CA4C /* CXLoginRegisterViewController.h */ = {isa = PBXFileReference; fileEncoding = 4; lastKnownFileType = sourcecode.c.h; path = CXLoginRegisterViewController.h; sourceTree = "<group>"; };
		1577BD631CF004D600D3CA4C /* CXLoginRegisterViewController.m */ = {isa = PBXFileReference; fileEncoding = 4; lastKnownFileType = sourcecode.c.objc; path = CXLoginRegisterViewController.m; sourceTree = "<group>"; };
		1577BD691CF01E0800D3CA4C /* CXLoginRegisterViewController.xib */ = {isa = PBXFileReference; fileEncoding = 4; lastKnownFileType = file.xib; path = CXLoginRegisterViewController.xib; sourceTree = "<group>"; };
		1577BD6B1CF026C600D3CA4C /* CXVerticalButton.h */ = {isa = PBXFileReference; fileEncoding = 4; lastKnownFileType = sourcecode.c.h; path = CXVerticalButton.h; sourceTree = "<group>"; };
		1577BD6C1CF026C600D3CA4C /* CXVerticalButton.m */ = {isa = PBXFileReference; fileEncoding = 4; lastKnownFileType = sourcecode.c.objc; path = CXVerticalButton.m; sourceTree = "<group>"; };
		157A02831CC9E28200DE507F /* CXRecommendCategoryCell.h */ = {isa = PBXFileReference; fileEncoding = 4; lastKnownFileType = sourcecode.c.h; path = CXRecommendCategoryCell.h; sourceTree = "<group>"; };
		157A02841CC9E28200DE507F /* CXRecommendCategoryCell.m */ = {isa = PBXFileReference; fileEncoding = 4; lastKnownFileType = sourcecode.c.objc; path = CXRecommendCategoryCell.m; sourceTree = "<group>"; };
		157A02851CC9E28200DE507F /* CXRecommendCategoryCell.xib */ = {isa = PBXFileReference; fileEncoding = 4; lastKnownFileType = file.xib; path = CXRecommendCategoryCell.xib; sourceTree = "<group>"; };
		1585F38D1CEEB9D90046F087 /* CXRecommendTagsViewController.h */ = {isa = PBXFileReference; fileEncoding = 4; lastKnownFileType = sourcecode.c.h; path = CXRecommendTagsViewController.h; sourceTree = "<group>"; };
		1585F38E1CEEB9D90046F087 /* CXRecommendTagsViewController.m */ = {isa = PBXFileReference; fileEncoding = 4; lastKnownFileType = sourcecode.c.objc; path = CXRecommendTagsViewController.m; sourceTree = "<group>"; };
		1585F3901CEEBAB90046F087 /* CXRecommendTag.h */ = {isa = PBXFileReference; fileEncoding = 4; lastKnownFileType = sourcecode.c.h; path = CXRecommendTag.h; sourceTree = "<group>"; };
		1585F3911CEEBAB90046F087 /* CXRecommendTag.m */ = {isa = PBXFileReference; fileEncoding = 4; lastKnownFileType = sourcecode.c.objc; path = CXRecommendTag.m; sourceTree = "<group>"; };
		1585F3931CEEBB010046F087 /* CXRecommendTagCell.h */ = {isa = PBXFileReference; fileEncoding = 4; lastKnownFileType = sourcecode.c.h; path = CXRecommendTagCell.h; sourceTree = "<group>"; };
		1585F3941CEEBB010046F087 /* CXRecommendTagCell.m */ = {isa = PBXFileReference; fileEncoding = 4; lastKnownFileType = sourcecode.c.objc; path = CXRecommendTagCell.m; sourceTree = "<group>"; };
		1585F3981CEEBE440046F087 /* CXRecommendTagCell.xib */ = {isa = PBXFileReference; fileEncoding = 4; lastKnownFileType = file.xib; path = CXRecommendTagCell.xib; sourceTree = "<group>"; };
		15CD71831CC8E26D00807908 /* CXRecommendCategory.h */ = {isa = PBXFileReference; fileEncoding = 4; lastKnownFileType = sourcecode.c.h; path = CXRecommendCategory.h; sourceTree = "<group>"; };
		15CD71841CC8E26D00807908 /* CXRecommendCategory.m */ = {isa = PBXFileReference; fileEncoding = 4; lastKnownFileType = sourcecode.c.objc; path = CXRecommendCategory.m; sourceTree = "<group>"; };
		15DA97C71CC0ECC8004D174C /* CXEssenceViewController.h */ = {isa = PBXFileReference; fileEncoding = 4; lastKnownFileType = sourcecode.c.h; path = CXEssenceViewController.h; sourceTree = "<group>"; };
		15DA97C81CC0ECC8004D174C /* CXEssenceViewController.m */ = {isa = PBXFileReference; fileEncoding = 4; lastKnownFileType = sourcecode.c.objc; path = CXEssenceViewController.m; sourceTree = "<group>"; };
		15DA97CD1CC0ECC8004D174C /* CXFriendTrendsViewController.h */ = {isa = PBXFileReference; fileEncoding = 4; lastKnownFileType = sourcecode.c.h; path = CXFriendTrendsViewController.h; sourceTree = "<group>"; };
		15DA97CE1CC0ECC8004D174C /* CXFriendTrendsViewController.m */ = {isa = PBXFileReference; fileEncoding = 4; lastKnownFileType = sourcecode.c.objc; path = CXFriendTrendsViewController.m; sourceTree = "<group>"; };
		15DA97D31CC0ECC8004D174C /* CXMeViewController.h */ = {isa = PBXFileReference; fileEncoding = 4; lastKnownFileType = sourcecode.c.h; path = CXMeViewController.h; sourceTree = "<group>"; };
		15DA97D41CC0ECC8004D174C /* CXMeViewController.m */ = {isa = PBXFileReference; fileEncoding = 4; lastKnownFileType = sourcecode.c.objc; path = CXMeViewController.m; sourceTree = "<group>"; };
		15DA97D91CC0ECC8004D174C /* CXNewViewController.h */ = {isa = PBXFileReference; fileEncoding = 4; lastKnownFileType = sourcecode.c.h; path = CXNewViewController.h; sourceTree = "<group>"; };
		15DA97DA1CC0ECC8004D174C /* CXNewViewController.m */ = {isa = PBXFileReference; fileEncoding = 4; lastKnownFileType = sourcecode.c.objc; path = CXNewViewController.m; sourceTree = "<group>"; };
		15DA97DE1CC0ECC8004D174C /* AppDelegate.h */ = {isa = PBXFileReference; fileEncoding = 4; lastKnownFileType = sourcecode.c.h; path = AppDelegate.h; sourceTree = "<group>"; };
		15DA97DF1CC0ECC8004D174C /* AppDelegate.m */ = {isa = PBXFileReference; fileEncoding = 4; lastKnownFileType = sourcecode.c.objc; path = AppDelegate.m; sourceTree = "<group>"; };
		15DA97E11CC0ECC8004D174C /* UIBarButtonItem+CXExtension.h */ = {isa = PBXFileReference; fileEncoding = 4; lastKnownFileType = sourcecode.c.h; path = "UIBarButtonItem+CXExtension.h"; sourceTree = "<group>"; };
		15DA97E21CC0ECC8004D174C /* UIBarButtonItem+CXExtension.m */ = {isa = PBXFileReference; fileEncoding = 4; lastKnownFileType = sourcecode.c.objc; path = "UIBarButtonItem+CXExtension.m"; sourceTree = "<group>"; };
		15DA97E31CC0ECC8004D174C /* UIView+CXExtension.h */ = {isa = PBXFileReference; fileEncoding = 4; lastKnownFileType = sourcecode.c.h; path = "UIView+CXExtension.h"; sourceTree = "<group>"; };
		15DA97E41CC0ECC8004D174C /* UIView+CXExtension.m */ = {isa = PBXFileReference; fileEncoding = 4; lastKnownFileType = sourcecode.c.objc; path = "UIView+CXExtension.m"; sourceTree = "<group>"; };
		15DA97E61CC0ECC8004D174C /* CXTabBarController.h */ = {isa = PBXFileReference; fileEncoding = 4; lastKnownFileType = sourcecode.c.h; path = CXTabBarController.h; sourceTree = "<group>"; };
		15DA97E71CC0ECC8004D174C /* CXTabBarController.m */ = {isa = PBXFileReference; fileEncoding = 4; lastKnownFileType = sourcecode.c.objc; path = CXTabBarController.m; sourceTree = "<group>"; };
		15DA97E81CC0ECC8004D174C /* main.m */ = {isa = PBXFileReference; fileEncoding = 4; lastKnownFileType = sourcecode.c.objc; path = main.m; sourceTree = "<group>"; };
		15DA97EB1CC0ECC8004D174C /* CXTabBar.h */ = {isa = PBXFileReference; fileEncoding = 4; lastKnownFileType = sourcecode.c.h; path = CXTabBar.h; sourceTree = "<group>"; };
		15DA97EC1CC0ECC8004D174C /* CXTabBar.m */ = {isa = PBXFileReference; fileEncoding = 4; lastKnownFileType = sourcecode.c.objc; path = CXTabBar.m; sourceTree = "<group>"; };
		15DA97F71CC0EDD4004D174C /* PrefixHeader.pch */ = {isa = PBXFileReference; lastKnownFileType = sourcecode.c.h; name = PrefixHeader.pch; path = "百思demo/PrefixHeader.pch"; sourceTree = "<group>"; };
		15E68AD41CC649C000F07127 /* CXFriendTrendsViewController.xib */ = {isa = PBXFileReference; fileEncoding = 4; lastKnownFileType = file.xib; path = CXFriendTrendsViewController.xib; sourceTree = "<group>"; };
		5D7118536C9D589405C2D3EA /* Pods.release.xcconfig */ = {isa = PBXFileReference; includeInIndex = 1; lastKnownFileType = text.xcconfig; name = Pods.release.xcconfig; path = "Pods/Target Support Files/Pods/Pods.release.xcconfig"; sourceTree = "<group>"; };
		9CB787B18AFB8082ABDF01DB /* libPods.a */ = {isa = PBXFileReference; explicitFileType = archive.ar; includeInIndex = 0; path = libPods.a; sourceTree = BUILT_PRODUCTS_DIR; };
/* End PBXFileReference section */

/* Begin PBXFrameworksBuildPhase section */
		153911331CBF7A930033C7CE /* Frameworks */ = {
			isa = PBXFrameworksBuildPhase;
			buildActionMask = 2147483647;
			files = (
				B1AADE3BE11921B675EB9371 /* libPods.a in Frameworks */,
			);
			runOnlyForDeploymentPostprocessing = 0;
		};
		1539114C1CBF7A930033C7CE /* Frameworks */ = {
			isa = PBXFrameworksBuildPhase;
			buildActionMask = 2147483647;
			files = (
			);
			runOnlyForDeploymentPostprocessing = 0;
		};
		153911571CBF7A930033C7CE /* Frameworks */ = {
			isa = PBXFrameworksBuildPhase;
			buildActionMask = 2147483647;
			files = (
			);
			runOnlyForDeploymentPostprocessing = 0;
		};
/* End PBXFrameworksBuildPhase section */

/* Begin PBXGroup section */
		1539112D1CBF7A930033C7CE = {
			isa = PBXGroup;
			children = (
				15DA97F71CC0EDD4004D174C /* PrefixHeader.pch */,
				153911381CBF7A930033C7CE /* 百思demo */,
				153911551CBF7A930033C7CE /* Info.plist */,
				153911521CBF7A930033C7CE /* 百思demoTests */,
				1539115D1CBF7A930033C7CE /* 百思demoUITests */,
				153911371CBF7A930033C7CE /* Products */,
				F669DD751697787D2C382E4B /* Pods */,
				C818CE2BC94039820B8371E6 /* Frameworks */,
			);
			sourceTree = "<group>";
		};
		153911371CBF7A930033C7CE /* Products */ = {
			isa = PBXGroup;
			children = (
				153911361CBF7A930033C7CE /* 百思demo.app */,
				1539114F1CBF7A930033C7CE /* 百思demoTests.xctest */,
				1539115A1CBF7A930033C7CE /* 百思demoUITests.xctest */,
			);
			name = Products;
			sourceTree = "<group>";
		};
		153911381CBF7A930033C7CE /* 百思demo */ = {
			isa = PBXGroup;
			children = (
				15DA97C41CC0ECC8004D174C /* classes */,
				153911391CBF7A930033C7CE /* Supporting Files */,
			);
			path = "百思demo";
			sourceTree = "<group>";
		};
		153911391CBF7A930033C7CE /* Supporting Files */ = {
			isa = PBXGroup;
			children = (
				153911421CBF7A930033C7CE /* Main.storyboard */,
				153911451CBF7A930033C7CE /* Assets.xcassets */,
				153911471CBF7A930033C7CE /* LaunchScreen.storyboard */,
				1539114A1CBF7A930033C7CE /* Info.plist */,
			);
			name = "Supporting Files";
			sourceTree = "<group>";
		};
		153911521CBF7A930033C7CE /* 百思demoTests */ = {
			isa = PBXGroup;
			children = (
				153911531CBF7A930033C7CE /* __demoTests.m */,
			);
			path = "百思demoTests";
			sourceTree = "<group>";
		};
		1539115D1CBF7A930033C7CE /* 百思demoUITests */ = {
			isa = PBXGroup;
			children = (
				1539115E1CBF7A930033C7CE /* __demoUITests.m */,
				153911601CBF7A930033C7CE /* Info.plist */,
			);
			path = "百思demoUITests";
			sourceTree = "<group>";
		};
		15DA97C41CC0ECC8004D174C /* classes */ = {
			isa = PBXGroup;
			children = (
				15DA97C51CC0ECC8004D174C /* Essence_精华 */,
				15DA97CB1CC0ECC8004D174C /* FriendTrends-关注 */,
				15DA97D11CC0ECC8004D174C /* Me-我 */,
				15DA97D71CC0ECC8004D174C /* New-新帖 */,
				15DA97DD1CC0ECC8004D174C /* Other-其他 */,
			);
			path = classes;
			sourceTree = "<group>";
		};
		15DA97C51CC0ECC8004D174C /* Essence_精华 */ = {
			isa = PBXGroup;
			children = (
				15DA97C61CC0ECC8004D174C /* controller */,
				15DA97C91CC0ECC8004D174C /* model */,
				15DA97CA1CC0ECC8004D174C /* view */,
			);
			path = "Essence_精华";
			sourceTree = "<group>";
		};
		15DA97C61CC0ECC8004D174C /* controller */ = {
			isa = PBXGroup;
			children = (
				15DA97C71CC0ECC8004D174C /* CXEssenceViewController.h */,
				15DA97C81CC0ECC8004D174C /* CXEssenceViewController.m */,
				1585F38D1CEEB9D90046F087 /* CXRecommendTagsViewController.h */,
				1585F38E1CEEB9D90046F087 /* CXRecommendTagsViewController.m */,
			);
			path = controller;
			sourceTree = "<group>";
		};
		15DA97C91CC0ECC8004D174C /* model */ = {
			isa = PBXGroup;
			children = (
				1585F3901CEEBAB90046F087 /* CXRecommendTag.h */,
				1585F3911CEEBAB90046F087 /* CXRecommendTag.m */,
			);
			path = model;
			sourceTree = "<group>";
		};
		15DA97CA1CC0ECC8004D174C /* view */ = {
			isa = PBXGroup;
			children = (
				1585F3931CEEBB010046F087 /* CXRecommendTagCell.h */,
				1585F3941CEEBB010046F087 /* CXRecommendTagCell.m */,
				1585F3981CEEBE440046F087 /* CXRecommendTagCell.xib */,
			);
			path = view;
			sourceTree = "<group>";
		};
		15DA97CB1CC0ECC8004D174C /* FriendTrends-关注 */ = {
			isa = PBXGroup;
			children = (
				15DA97CC1CC0ECC8004D174C /* controller */,
				15DA97CF1CC0ECC8004D174C /* model */,
				15DA97D01CC0ECC8004D174C /* view */,
			);
			path = "FriendTrends-关注";
			sourceTree = "<group>";
		};
		15DA97CC1CC0ECC8004D174C /* controller */ = {
			isa = PBXGroup;
			children = (
				15DA97CD1CC0ECC8004D174C /* CXFriendTrendsViewController.h */,
				15DA97CE1CC0ECC8004D174C /* CXFriendTrendsViewController.m */,
				15E68AD41CC649C000F07127 /* CXFriendTrendsViewController.xib */,
				156B05991CC87E0400EC0D96 /* CXRecommendViewController.h */,
				156B059A1CC87E0400EC0D96 /* CXRecommendViewController.m */,
				156B059B1CC87E0400EC0D96 /* CXRecommendViewController.xib */,
				1577BD621CF004D600D3CA4C /* CXLoginRegisterViewController.h */,
				1577BD631CF004D600D3CA4C /* CXLoginRegisterViewController.m */,
				1577BD691CF01E0800D3CA4C /* CXLoginRegisterViewController.xib */,
			);
			path = controller;
			sourceTree = "<group>";
		};
		15DA97CF1CC0ECC8004D174C /* model */ = {
			isa = PBXGroup;
			children = (
				15CD71831CC8E26D00807908 /* CXRecommendCategory.h */,
				15CD71841CC8E26D00807908 /* CXRecommendCategory.m */,
				1537BB501CCE0194009BD28A /* CXRecommendUser.h */,
				1537BB511CCE0194009BD28A /* CXRecommendUser.m */,
			);
			path = model;
			sourceTree = "<group>";
		};
		15DA97D01CC0ECC8004D174C /* view */ = {
			isa = PBXGroup;
			children = (
				157A02831CC9E28200DE507F /* CXRecommendCategoryCell.h */,
				157A02841CC9E28200DE507F /* CXRecommendCategoryCell.m */,
				157A02851CC9E28200DE507F /* CXRecommendCategoryCell.xib */,
				1537BB4B1CCDEFB0009BD28A /* CXRecommendUserCell.h */,
				1537BB4C1CCDEFB0009BD28A /* CXRecommendUserCell.m */,
				1537BB4E1CCDEFB8009BD28A /* CXRecommendUserCell.xib */,
				1577BD6B1CF026C600D3CA4C /* CXVerticalButton.h */,
				1577BD6C1CF026C600D3CA4C /* CXVerticalButton.m */,
			);
			path = view;
			sourceTree = "<group>";
		};
		15DA97D11CC0ECC8004D174C /* Me-我 */ = {
			isa = PBXGroup;
			children = (
				15DA97D21CC0ECC8004D174C /* controller */,
				15DA97D51CC0ECC8004D174C /* model */,
				15DA97D61CC0ECC8004D174C /* view */,
			);
			path = "Me-我";
			sourceTree = "<group>";
		};
		15DA97D21CC0ECC8004D174C /* controller */ = {
			isa = PBXGroup;
			children = (
				15DA97D31CC0ECC8004D174C /* CXMeViewController.h */,
				15DA97D41CC0ECC8004D174C /* CXMeViewController.m */,
			);
			path = controller;
			sourceTree = "<group>";
		};
		15DA97D51CC0ECC8004D174C /* model */ = {
			isa = PBXGroup;
			children = (
			);
			path = model;
			sourceTree = "<group>";
		};
		15DA97D61CC0ECC8004D174C /* view */ = {
			isa = PBXGroup;
			children = (
			);
			path = view;
			sourceTree = "<group>";
		};
		15DA97D71CC0ECC8004D174C /* New-新帖 */ = {
			isa = PBXGroup;
			children = (
				15DA97D81CC0ECC8004D174C /* controller */,
				15DA97DB1CC0ECC8004D174C /* model */,
				15DA97DC1CC0ECC8004D174C /* view */,
			);
			path = "New-新帖";
			sourceTree = "<group>";
		};
		15DA97D81CC0ECC8004D174C /* controller */ = {
			isa = PBXGroup;
			children = (
				15DA97D91CC0ECC8004D174C /* CXNewViewController.h */,
				15DA97DA1CC0ECC8004D174C /* CXNewViewController.m */,
			);
			path = controller;
			sourceTree = "<group>";
		};
		15DA97DB1CC0ECC8004D174C /* model */ = {
			isa = PBXGroup;
			children = (
			);
			path = model;
			sourceTree = "<group>";
		};
		15DA97DC1CC0ECC8004D174C /* view */ = {
			isa = PBXGroup;
			children = (
			);
			path = view;
			sourceTree = "<group>";
		};
		15DA97DD1CC0ECC8004D174C /* Other-其他 */ = {
			isa = PBXGroup;
			children = (
				15DA97DE1CC0ECC8004D174C /* AppDelegate.h */,
				15DA97DF1CC0ECC8004D174C /* AppDelegate.m */,
				15DA97E81CC0ECC8004D174C /* main.m */,
				15558FDA1CC4D1290044CB32 /* CXTestViewController.h */,
				15558FDB1CC4D1290044CB32 /* CXTestViewController.m */,
				15DA97E01CC0ECC8004D174C /* category */,
				15DA97E51CC0ECC8004D174C /* controller */,
				15DA97EA1CC0ECC8004D174C /* view */,
			);
			path = "Other-其他";
			sourceTree = "<group>";
		};
		15DA97E01CC0ECC8004D174C /* category */ = {
			isa = PBXGroup;
			children = (
				15DA97E11CC0ECC8004D174C /* UIBarButtonItem+CXExtension.h */,
				15DA97E21CC0ECC8004D174C /* UIBarButtonItem+CXExtension.m */,
				15DA97E31CC0ECC8004D174C /* UIView+CXExtension.h */,
				15DA97E41CC0ECC8004D174C /* UIView+CXExtension.m */,
			);
			path = category;
			sourceTree = "<group>";
		};
		15DA97E51CC0ECC8004D174C /* controller */ = {
			isa = PBXGroup;
			children = (
				15DA97E61CC0ECC8004D174C /* CXTabBarController.h */,
				15DA97E71CC0ECC8004D174C /* CXTabBarController.m */,
				15558FD71CC4CF150044CB32 /* CXNavigationController.h */,
				15558FD81CC4CF150044CB32 /* CXNavigationController.m */,
			);
			path = controller;
			sourceTree = "<group>";
		};
		15DA97EA1CC0ECC8004D174C /* view */ = {
			isa = PBXGroup;
			children = (
				15DA97EB1CC0ECC8004D174C /* CXTabBar.h */,
				15DA97EC1CC0ECC8004D174C /* CXTabBar.m */,
			);
			path = view;
			sourceTree = "<group>";
		};
		C818CE2BC94039820B8371E6 /* Frameworks */ = {
			isa = PBXGroup;
			children = (
				9CB787B18AFB8082ABDF01DB /* libPods.a */,
			);
			name = Frameworks;
			sourceTree = "<group>";
		};
		F669DD751697787D2C382E4B /* Pods */ = {
			isa = PBXGroup;
			children = (
				00A00579C834ACD8B3C47E9A /* Pods.debug.xcconfig */,
				5D7118536C9D589405C2D3EA /* Pods.release.xcconfig */,
			);
			name = Pods;
			sourceTree = "<group>";
		};
/* End PBXGroup section */

/* Begin PBXNativeTarget section */
		153911351CBF7A930033C7CE /* 百思demo */ = {
			isa = PBXNativeTarget;
			buildConfigurationList = 153911631CBF7A930033C7CE /* Build configuration list for PBXNativeTarget "百思demo" */;
			buildPhases = (
				6D93B67BD37FB6C7195A11B4 /* Check Pods Manifest.lock */,
				153911321CBF7A930033C7CE /* Sources */,
				153911331CBF7A930033C7CE /* Frameworks */,
				153911341CBF7A930033C7CE /* Resources */,
				710605034813F61D363D801A /* Embed Pods Frameworks */,
				8B8B65A04F5237DB7A87A791 /* Copy Pods Resources */,
			);
			buildRules = (
			);
			dependencies = (
			);
			name = "百思demo";
			productName = "百思demo";
			productReference = 153911361CBF7A930033C7CE /* 百思demo.app */;
			productType = "com.apple.product-type.application";
		};
		1539114E1CBF7A930033C7CE /* 百思demoTests */ = {
			isa = PBXNativeTarget;
			buildConfigurationList = 153911661CBF7A930033C7CE /* Build configuration list for PBXNativeTarget "百思demoTests" */;
			buildPhases = (
				1539114B1CBF7A930033C7CE /* Sources */,
				1539114C1CBF7A930033C7CE /* Frameworks */,
				1539114D1CBF7A930033C7CE /* Resources */,
			);
			buildRules = (
			);
			dependencies = (
				153911511CBF7A930033C7CE /* PBXTargetDependency */,
			);
			name = "百思demoTests";
			productName = "百思demoTests";
			productReference = 1539114F1CBF7A930033C7CE /* 百思demoTests.xctest */;
			productType = "com.apple.product-type.bundle.unit-test";
		};
		153911591CBF7A930033C7CE /* 百思demoUITests */ = {
			isa = PBXNativeTarget;
			buildConfigurationList = 153911691CBF7A930033C7CE /* Build configuration list for PBXNativeTarget "百思demoUITests" */;
			buildPhases = (
				153911561CBF7A930033C7CE /* Sources */,
				153911571CBF7A930033C7CE /* Frameworks */,
				153911581CBF7A930033C7CE /* Resources */,
			);
			buildRules = (
			);
			dependencies = (
				1539115C1CBF7A930033C7CE /* PBXTargetDependency */,
			);
			name = "百思demoUITests";
			productName = "百思demoUITests";
			productReference = 1539115A1CBF7A930033C7CE /* 百思demoUITests.xctest */;
			productType = "com.apple.product-type.bundle.ui-testing";
		};
/* End PBXNativeTarget section */

/* Begin PBXProject section */
		1539112E1CBF7A930033C7CE /* Project object */ = {
			isa = PBXProject;
			attributes = {
				CLASSPREFIX = CX;
				LastUpgradeCheck = 0720;
				ORGANIZATIONNAME = chenxi;
				TargetAttributes = {
					153911351CBF7A930033C7CE = {
						CreatedOnToolsVersion = 7.2;
						DevelopmentTeam = 942R9KPAV6;
					};
					1539114E1CBF7A930033C7CE = {
						CreatedOnToolsVersion = 7.2;
						DevelopmentTeam = 942R9KPAV6;
						TestTargetID = 153911351CBF7A930033C7CE;
					};
					153911591CBF7A930033C7CE = {
						CreatedOnToolsVersion = 7.2;
						DevelopmentTeam = 942R9KPAV6;
						TestTargetID = 153911351CBF7A930033C7CE;
					};
				};
			};
			buildConfigurationList = 153911311CBF7A930033C7CE /* Build configuration list for PBXProject "百思demo" */;
			compatibilityVersion = "Xcode 3.2";
			developmentRegion = English;
			hasScannedForEncodings = 0;
			knownRegions = (
				en,
				Base,
			);
			mainGroup = 1539112D1CBF7A930033C7CE;
			productRefGroup = 153911371CBF7A930033C7CE /* Products */;
			projectDirPath = "";
			projectRoot = "";
			targets = (
				153911351CBF7A930033C7CE /* 百思demo */,
				1539114E1CBF7A930033C7CE /* 百思demoTests */,
				153911591CBF7A930033C7CE /* 百思demoUITests */,
			);
		};
/* End PBXProject section */

/* Begin PBXResourcesBuildPhase section */
		153911341CBF7A930033C7CE /* Resources */ = {
			isa = PBXResourcesBuildPhase;
			buildActionMask = 2147483647;
			files = (
				1585F3991CEEBE440046F087 /* CXRecommendTagCell.xib in Resources */,
				1577BD6A1CF01E0800D3CA4C /* CXLoginRegisterViewController.xib in Resources */,
				156B059D1CC87E0400EC0D96 /* CXRecommendViewController.xib in Resources */,
				1537BB4F1CCDEFB8009BD28A /* CXRecommendUserCell.xib in Resources */,
				153911491CBF7A930033C7CE /* LaunchScreen.storyboard in Resources */,
				15E68AD51CC649C000F07127 /* CXFriendTrendsViewController.xib in Resources */,
				153911461CBF7A930033C7CE /* Assets.xcassets in Resources */,
				153911441CBF7A930033C7CE /* Main.storyboard in Resources */,
				157A02871CC9E28200DE507F /* CXRecommendCategoryCell.xib in Resources */,
			);
			runOnlyForDeploymentPostprocessing = 0;
		};
		1539114D1CBF7A930033C7CE /* Resources */ = {
			isa = PBXResourcesBuildPhase;
			buildActionMask = 2147483647;
			files = (
			);
			runOnlyForDeploymentPostprocessing = 0;
		};
		153911581CBF7A930033C7CE /* Resources */ = {
			isa = PBXResourcesBuildPhase;
			buildActionMask = 2147483647;
			files = (
			);
			runOnlyForDeploymentPostprocessing = 0;
		};
/* End PBXResourcesBuildPhase section */

/* Begin PBXShellScriptBuildPhase section */
		6D93B67BD37FB6C7195A11B4 /* Check Pods Manifest.lock */ = {
			isa = PBXShellScriptBuildPhase;
			buildActionMask = 2147483647;
			files = (
			);
			inputPaths = (
			);
			name = "Check Pods Manifest.lock";
			outputPaths = (
			);
			runOnlyForDeploymentPostprocessing = 0;
			shellPath = /bin/sh;
			shellScript = "diff \"${PODS_ROOT}/../Podfile.lock\" \"${PODS_ROOT}/Manifest.lock\" > /dev/null\nif [[ $? != 0 ]] ; then\n    cat << EOM\nerror: The sandbox is not in sync with the Podfile.lock. Run 'pod install' or update your CocoaPods installation.\nEOM\n    exit 1\nfi\n";
			showEnvVarsInLog = 0;
		};
		710605034813F61D363D801A /* Embed Pods Frameworks */ = {
			isa = PBXShellScriptBuildPhase;
			buildActionMask = 2147483647;
			files = (
			);
			inputPaths = (
			);
			name = "Embed Pods Frameworks";
			outputPaths = (
			);
			runOnlyForDeploymentPostprocessing = 0;
			shellPath = /bin/sh;
			shellScript = "\"${SRCROOT}/Pods/Target Support Files/Pods/Pods-frameworks.sh\"\n";
			showEnvVarsInLog = 0;
		};
		8B8B65A04F5237DB7A87A791 /* Copy Pods Resources */ = {
			isa = PBXShellScriptBuildPhase;
			buildActionMask = 2147483647;
			files = (
			);
			inputPaths = (
			);
			name = "Copy Pods Resources";
			outputPaths = (
			);
			runOnlyForDeploymentPostprocessing = 0;
			shellPath = /bin/sh;
			shellScript = "\"${SRCROOT}/Pods/Target Support Files/Pods/Pods-resources.sh\"\n";
			showEnvVarsInLog = 0;
		};
/* End PBXShellScriptBuildPhase section */

/* Begin PBXSourcesBuildPhase section */
		153911321CBF7A930033C7CE /* Sources */ = {
			isa = PBXSourcesBuildPhase;
			buildActionMask = 2147483647;
			files = (
				15DA97F01CC0ECC8004D174C /* CXNewViewController.m in Sources */,
				15DA97F21CC0ECC8004D174C /* UIBarButtonItem+CXExtension.m in Sources */,
				15DA97F41CC0ECC8004D174C /* CXTabBarController.m in Sources */,
				1585F38F1CEEB9D90046F087 /* CXRecommendTagsViewController.m in Sources */,
				1585F3921CEEBAB90046F087 /* CXRecommendTag.m in Sources */,
				15DA97EF1CC0ECC8004D174C /* CXMeViewController.m in Sources */,
				1537BB4D1CCDEFB0009BD28A /* CXRecommendUserCell.m in Sources */,
				15DA97ED1CC0ECC8004D174C /* CXEssenceViewController.m in Sources */,
				1585F3961CEEBB010046F087 /* CXRecommendTagCell.m in Sources */,
				157A02861CC9E28200DE507F /* CXRecommendCategoryCell.m in Sources */,
				1577BD651CF004D600D3CA4C /* CXLoginRegisterViewController.m in Sources */,
				15DA97EE1CC0ECC8004D174C /* CXFriendTrendsViewController.m in Sources */,
				15558FD91CC4CF150044CB32 /* CXNavigationController.m in Sources */,
				15CD71851CC8E26D00807908 /* CXRecommendCategory.m in Sources */,
				1577BD6D1CF026C600D3CA4C /* CXVerticalButton.m in Sources */,
				1537BB521CCE0194009BD28A /* CXRecommendUser.m in Sources */,
				15DA97F61CC0ECC8004D174C /* CXTabBar.m in Sources */,
				156B059C1CC87E0400EC0D96 /* CXRecommendViewController.m in Sources */,
				15DA97F11CC0ECC8004D174C /* AppDelegate.m in Sources */,
				15DA97F51CC0ECC8004D174C /* main.m in Sources */,
				15DA97F31CC0ECC8004D174C /* UIView+CXExtension.m in Sources */,
				15558FDC1CC4D1290044CB32 /* CXTestViewController.m in Sources */,
			);
			runOnlyForDeploymentPostprocessing = 0;
		};
		1539114B1CBF7A930033C7CE /* Sources */ = {
			isa = PBXSourcesBuildPhase;
			buildActionMask = 2147483647;
			files = (
				153911541CBF7A930033C7CE /* __demoTests.m in Sources */,
			);
			runOnlyForDeploymentPostprocessing = 0;
		};
		153911561CBF7A930033C7CE /* Sources */ = {
			isa = PBXSourcesBuildPhase;
			buildActionMask = 2147483647;
			files = (
				1539115F1CBF7A930033C7CE /* __demoUITests.m in Sources */,
			);
			runOnlyForDeploymentPostprocessing = 0;
		};
/* End PBXSourcesBuildPhase section */

/* Begin PBXTargetDependency section */
		153911511CBF7A930033C7CE /* PBXTargetDependency */ = {
			isa = PBXTargetDependency;
			target = 153911351CBF7A930033C7CE /* 百思demo */;
			targetProxy = 153911501CBF7A930033C7CE /* PBXContainerItemProxy */;
		};
		1539115C1CBF7A930033C7CE /* PBXTargetDependency */ = {
			isa = PBXTargetDependency;
			target = 153911351CBF7A930033C7CE /* 百思demo */;
			targetProxy = 1539115B1CBF7A930033C7CE /* PBXContainerItemProxy */;
		};
/* End PBXTargetDependency section */

/* Begin PBXVariantGroup section */
		153911421CBF7A930033C7CE /* Main.storyboard */ = {
			isa = PBXVariantGroup;
			children = (
				153911431CBF7A930033C7CE /* Base */,
			);
			name = Main.storyboard;
			sourceTree = "<group>";
		};
		153911471CBF7A930033C7CE /* LaunchScreen.storyboard */ = {
			isa = PBXVariantGroup;
			children = (
				153911481CBF7A930033C7CE /* Base */,
			);
			name = LaunchScreen.storyboard;
			sourceTree = "<group>";
		};
/* End PBXVariantGroup section */

/* Begin XCBuildConfiguration section */
		153911611CBF7A930033C7CE /* Debug */ = {
			isa = XCBuildConfiguration;
			buildSettings = {
				ALWAYS_SEARCH_USER_PATHS = NO;
				CLANG_CXX_LANGUAGE_STANDARD = "gnu++0x";
				CLANG_CXX_LIBRARY = "libc++";
				CLANG_ENABLE_MODULES = YES;
				CLANG_ENABLE_OBJC_ARC = YES;
				CLANG_WARN_BOOL_CONVERSION = YES;
				CLANG_WARN_CONSTANT_CONVERSION = YES;
				CLANG_WARN_DIRECT_OBJC_ISA_USAGE = YES_ERROR;
				CLANG_WARN_EMPTY_BODY = YES;
				CLANG_WARN_ENUM_CONVERSION = YES;
				CLANG_WARN_INT_CONVERSION = YES;
				CLANG_WARN_OBJC_ROOT_CLASS = YES_ERROR;
				CLANG_WARN_UNREACHABLE_CODE = YES;
				CLANG_WARN__DUPLICATE_METHOD_MATCH = YES;
				"CODE_SIGN_IDENTITY[sdk=iphoneos*]" = "iPhone Developer";
				COPY_PHASE_STRIP = NO;
				DEBUG_INFORMATION_FORMAT = dwarf;
				ENABLE_STRICT_OBJC_MSGSEND = YES;
				ENABLE_TESTABILITY = YES;
				GCC_C_LANGUAGE_STANDARD = gnu99;
				GCC_DYNAMIC_NO_PIC = NO;
				GCC_NO_COMMON_BLOCKS = YES;
				GCC_OPTIMIZATION_LEVEL = 0;
				GCC_PREFIX_HEADER = "$(SRCROOT)/百思demo/prefixHeader.pch";
				GCC_PREPROCESSOR_DEFINITIONS = (
					"DEBUG=1",
					"$(inherited)",
				);
				GCC_WARN_64_TO_32_BIT_CONVERSION = YES;
				GCC_WARN_ABOUT_RETURN_TYPE = YES_ERROR;
				GCC_WARN_UNDECLARED_SELECTOR = YES;
				GCC_WARN_UNINITIALIZED_AUTOS = YES_AGGRESSIVE;
				GCC_WARN_UNUSED_FUNCTION = YES;
				GCC_WARN_UNUSED_VARIABLE = YES;
				IPHONEOS_DEPLOYMENT_TARGET = 9.2;
				MTL_ENABLE_DEBUG_INFO = YES;
				ONLY_ACTIVE_ARCH = YES;
				SDKROOT = iphoneos;
				TARGETED_DEVICE_FAMILY = "1,2";
			};
			name = Debug;
		};
		153911621CBF7A930033C7CE /* Release */ = {
			isa = XCBuildConfiguration;
			buildSettings = {
				ALWAYS_SEARCH_USER_PATHS = NO;
				CLANG_CXX_LANGUAGE_STANDARD = "gnu++0x";
				CLANG_CXX_LIBRARY = "libc++";
				CLANG_ENABLE_MODULES = YES;
				CLANG_ENABLE_OBJC_ARC = YES;
				CLANG_WARN_BOOL_CONVERSION = YES;
				CLANG_WARN_CONSTANT_CONVERSION = YES;
				CLANG_WARN_DIRECT_OBJC_ISA_USAGE = YES_ERROR;
				CLANG_WARN_EMPTY_BODY = YES;
				CLANG_WARN_ENUM_CONVERSION = YES;
				CLANG_WARN_INT_CONVERSION = YES;
				CLANG_WARN_OBJC_ROOT_CLASS = YES_ERROR;
				CLANG_WARN_UNREACHABLE_CODE = YES;
				CLANG_WARN__DUPLICATE_METHOD_MATCH = YES;
				"CODE_SIGN_IDENTITY[sdk=iphoneos*]" = "iPhone Developer";
				COPY_PHASE_STRIP = NO;
				DEBUG_INFORMATION_FORMAT = "dwarf-with-dsym";
				ENABLE_NS_ASSERTIONS = NO;
				ENABLE_STRICT_OBJC_MSGSEND = YES;
				GCC_C_LANGUAGE_STANDARD = gnu99;
				GCC_NO_COMMON_BLOCKS = YES;
				GCC_PREFIX_HEADER = "$(SRCROOT)/百思demo/prefixHeader.pch";
				GCC_WARN_64_TO_32_BIT_CONVERSION = YES;
				GCC_WARN_ABOUT_RETURN_TYPE = YES_ERROR;
				GCC_WARN_UNDECLARED_SELECTOR = YES;
				GCC_WARN_UNINITIALIZED_AUTOS = YES_AGGRESSIVE;
				GCC_WARN_UNUSED_FUNCTION = YES;
				GCC_WARN_UNUSED_VARIABLE = YES;
				IPHONEOS_DEPLOYMENT_TARGET = 9.2;
				MTL_ENABLE_DEBUG_INFO = NO;
				SDKROOT = iphoneos;
				TARGETED_DEVICE_FAMILY = "1,2";
				VALIDATE_PRODUCT = YES;
			};
			name = Release;
		};
		153911641CBF7A930033C7CE /* Debug */ = {
			isa = XCBuildConfiguration;
			baseConfigurationReference = 00A00579C834ACD8B3C47E9A /* Pods.debug.xcconfig */;
			buildSettings = {
				ASSETCATALOG_COMPILER_APPICON_NAME = AppIcon;
				INFOPLIST_FILE = "百思demo/Info.plist";
				LD_RUNPATH_SEARCH_PATHS = "$(inherited) @executable_path/Frameworks";
				PRODUCT_BUNDLE_IDENTIFIER = "chenxi.--demo";
				PRODUCT_NAME = "$(TARGET_NAME)";
			};
			name = Debug;
		};
		153911651CBF7A930033C7CE /* Release */ = {
			isa = XCBuildConfiguration;
			baseConfigurationReference = 5D7118536C9D589405C2D3EA /* Pods.release.xcconfig */;
			buildSettings = {
				ASSETCATALOG_COMPILER_APPICON_NAME = AppIcon;
				INFOPLIST_FILE = "百思demo/Info.plist";
				LD_RUNPATH_SEARCH_PATHS = "$(inherited) @executable_path/Frameworks";
				PRODUCT_BUNDLE_IDENTIFIER = "chenxi.--demo";
				PRODUCT_NAME = "$(TARGET_NAME)";
			};
			name = Release;
		};
		153911671CBF7A930033C7CE /* Debug */ = {
			isa = XCBuildConfiguration;
			buildSettings = {
				BUNDLE_LOADER = "$(TEST_HOST)";
				INFOPLIST_FILE = "百思demoTests/Info.plist";
				LD_RUNPATH_SEARCH_PATHS = "$(inherited) @executable_path/Frameworks @loader_path/Frameworks";
				PRODUCT_BUNDLE_IDENTIFIER = "chenxi.--demoTests";
				PRODUCT_NAME = "$(TARGET_NAME)";
				TEST_HOST = "$(BUILT_PRODUCTS_DIR)/百思demo.app/百思demo";
			};
			name = Debug;
		};
		153911681CBF7A930033C7CE /* Release */ = {
			isa = XCBuildConfiguration;
			buildSettings = {
				BUNDLE_LOADER = "$(TEST_HOST)";
				INFOPLIST_FILE = "百思demoTests/Info.plist";
				LD_RUNPATH_SEARCH_PATHS = "$(inherited) @executable_path/Frameworks @loader_path/Frameworks";
				PRODUCT_BUNDLE_IDENTIFIER = "chenxi.--demoTests";
				PRODUCT_NAME = "$(TARGET_NAME)";
				TEST_HOST = "$(BUILT_PRODUCTS_DIR)/百思demo.app/百思demo";
			};
			name = Release;
		};
		1539116A1CBF7A930033C7CE /* Debug */ = {
			isa = XCBuildConfiguration;
			buildSettings = {
				INFOPLIST_FILE = "百思demoUITests/Info.plist";
				LD_RUNPATH_SEARCH_PATHS = "$(inherited) @executable_path/Frameworks @loader_path/Frameworks";
				PRODUCT_BUNDLE_IDENTIFIER = "chenxi.--demoUITests";
				PRODUCT_NAME = "$(TARGET_NAME)";
				TEST_TARGET_NAME = "百思demo";
				USES_XCTRUNNER = YES;
			};
			name = Debug;
		};
		1539116B1CBF7A930033C7CE /* Release */ = {
			isa = XCBuildConfiguration;
			buildSettings = {
				INFOPLIST_FILE = "百思demoUITests/Info.plist";
				LD_RUNPATH_SEARCH_PATHS = "$(inherited) @executable_path/Frameworks @loader_path/Frameworks";
				PRODUCT_BUNDLE_IDENTIFIER = "chenxi.--demoUITests";
				PRODUCT_NAME = "$(TARGET_NAME)";
				TEST_TARGET_NAME = "百思demo";
				USES_XCTRUNNER = YES;
			};
			name = Release;
		};
/* End XCBuildConfiguration section */

/* Begin XCConfigurationList section */
		153911311CBF7A930033C7CE /* Build configuration list for PBXProject "百思demo" */ = {
			isa = XCConfigurationList;
			buildConfigurations = (
				153911611CBF7A930033C7CE /* Debug */,
				153911621CBF7A930033C7CE /* Release */,
			);
			defaultConfigurationIsVisible = 0;
			defaultConfigurationName = Release;
		};
		153911631CBF7A930033C7CE /* Build configuration list for PBXNativeTarget "百思demo" */ = {
			isa = XCConfigurationList;
			buildConfigurations = (
				153911641CBF7A930033C7CE /* Debug */,
				153911651CBF7A930033C7CE /* Release */,
			);
			defaultConfigurationIsVisible = 0;
			defaultConfigurationName = Release;
		};
		153911661CBF7A930033C7CE /* Build configuration list for PBXNativeTarget "百思demoTests" */ = {
			isa = XCConfigurationList;
			buildConfigurations = (
				153911671CBF7A930033C7CE /* Debug */,
				153911681CBF7A930033C7CE /* Release */,
			);
			defaultConfigurationIsVisible = 0;
			defaultConfigurationName = Release;
		};
		153911691CBF7A930033C7CE /* Build configuration list for PBXNativeTarget "百思demoUITests" */ = {
			isa = XCConfigurationList;
			buildConfigurations = (
				1539116A1CBF7A930033C7CE /* Debug */,
				1539116B1CBF7A930033C7CE /* Release */,
			);
			defaultConfigurationIsVisible = 0;
			defaultConfigurationName = Release;
		};
/* End XCConfigurationList section */
	};
	rootObject = 1539112E1CBF7A930033C7CE /* Project object */;
}
